Microsoft Visual Studio Solution File, Format Version 12.00
# Visual Studio Version 17
VisualStudioVersion = 17.0.31903.59
MinimumVisualStudioVersion = 10.0.40219.1
Project("{FAE04EC0-301F-11D3-BF4B-00C04F79EFBC}") = "RomManager.App", "RomManager.App\RomManager.App.csproj", "{B6D74AE3-9078-4826-AC55-012C3885412A}"
EndProject
Project("{FAE04EC0-301F-11D3-BF4B-00C04F79EFBC}") = "RomManager.Core", "RomManager.Core\RomManager.Core.csproj", "{5D0AEC00-ABDF-4FC7-B272-C40911331A01}"
EndProject
Project("{FAE04EC0-301F-11D3-BF4B-00C04F79EFBC}") = "RomManager.Database", "RomManager.Database\RomManager.Database.csproj", "{91F01544-940D-4B60-A7C3-A748A1A46D19}"
EndProject
Project("{FAE04EC0-301F-11D3-BF4B-00C04F79EFBC}") = "RomManager.Formats", "RomManager.Formats\RomManager.Formats.csproj", "{D728B8EB-89CA-4082-8E52-29F9AD54AD2B}"
EndProject
Project("{FAE04EC0-301F-11D3-BF4B-00C04F79EFBC}") = "RomManager.Infrastructure", "RomManager.Infrastructure\RomManager.Infrastructure.csproj", "{6C7E73E6-DC5D-448B-9AF2-B3C94D2BB2C9}"
EndProject
Project("{FAE04EC0-301F-11D3-BF4B-00C04F79EFBC}") = "RomManager.Tests", "RomManager.Tests\RomManager.Tests.csproj", "{C3AFAEB9-D54E-49CC-A879-96CF9E04356E}"
EndProject
Global
  GlobalSection(SolutionConfigurationPlatforms) = preSolution
    Debug|Any CPU = Debug|Any CPU
    Release|Any CPU = Release|Any CPU
  EndGlobalSection
  GlobalSection(ProjectConfigurationPlatforms) = postSolution
    {B6D74AE3-9078-4826-AC55-012C3885412A}.Debug|Any CPU.ActiveCfg = Debug|Any CPU
    {B6D74AE3-9078-4826-AC55-012C3885412A}.Debug|Any CPU.Build.0 = Debug|Any CPU
    {B6D74AE3-9078-4826-AC55-012C3885412A}.Release|Any CPU.ActiveCfg = Release|Any CPU
    {B6D74AE3-9078-4826-AC55-012C3885412A}.Release|Any CPU.Build.0 = Release|Any CPU
    {5D0AEC00-ABDF-4FC7-B272-C40911331A01}.Debug|Any CPU.ActiveCfg = Debug|Any CPU
    {5D0AEC00-ABDF-4FC7-B272-C40911331A01}.Debug|Any CPU.Build.0 = Debug|Any CPU
    {5D0AEC00-ABDF-4FC7-B272-C40911331A01}.Release|Any CPU.ActiveCfg = Release|Any CPU
    {5D0AEC00-ABDF-4FC7-B272-C40911331A01}.Release|Any CPU.Build.0 = Release|Any CPU
    {91F01544-940D-4B60-A7C3-A748A1A46D19}.Debug|Any CPU.ActiveCfg = Debug|Any CPU
    {91F01544-940D-4B60-A7C3-A748A1A46D19}.Debug|Any CPU.Build.0 = Debug|Any CPU
    {91F01544-940D-4B60-A7C3-A748A1A46D19}.Release|Any CPU.ActiveCfg = Release|Any CPU
    {91F01544-940D-4B60-A7C3-A748A1A46D19}.Release|Any CPU.Build.0 = Release|Any CPU
    {D728B8EB-89CA-4082-8E52-29F9AD54AD2B}.Debug|Any CPU.ActiveCfg = Debug|Any CPU
    {D728B8EB-89CA-4082-8E52-29F9AD54AD2B}.Debug|Any CPU.Build.0 = Debug|Any CPU
    {D728B8EB-89CA-4082-8E52-29F9AD54AD2B}.Release|Any CPU.ActiveCfg = Release|Any CPU
    {D728B8EB-89CA-4082-8E52-29F9AD54AD2B}.Release|Any CPU.Build.0 = Release|Any CPU
    {6C7E73E6-DC5D-448B-9AF2-B3C94D2BB2C9}.Debug|Any CPU.ActiveCfg = Debug|Any CPU
    {6C7E73E6-DC5D-448B-9AF2-B3C94D2BB2C9}.Debug|Any CPU.Build.0 = Debug|Any CPU
    {6C7E73E6-DC5D-448B-9AF2-B3C94D2BB2C9}.Release|Any CPU.ActiveCfg = Release|Any CPU
    {6C7E73E6-DC5D-448B-9AF2-B3C94D2BB2C9}.Release|Any CPU.Build.0 = Release|Any CPU
    {C3AFAEB9-D54E-49CC-A879-96CF9E04356E}.Debug|Any CPU.ActiveCfg = Debug|Any CPU
    {C3AFAEB9-D54E-49CC-A879-96CF9E04356E}.Debug|Any CPU.Build.0 = Debug|Any CPU
    {C3AFAEB9-D54E-49CC-A879-96CF9E04356E}.Release|Any CPU.ActiveCfg = Release|Any CPU
    {C3AFAEB9-D54E-49CC-A879-96CF9E04356E}.Release|Any CPU.Build.0 = Release|Any CPU
  EndGlobalSection
EndGlobal
